
Microsoft Visual Studio Solution File, Format Version 12.00
# Visual Studio 15
VisualStudioVersion = 15.0.28010.2026
MinimumVisualStudioVersion = 10.0.40219.1
Project("{FAE04EC0-301F-11D3-BF4B-00C04F79EFBC}") = "Bol1_Ejer1", "Bol1_Ejer1\Bol1_Ejer1.csproj", "{CBEB9C2C-EE22-4134-AC83-D7648DC0E14F}"
EndProject
Global
	GlobalSection(SolutionConfigurationPlatforms) = preSolution
		Debug|Any CPU = Debug|Any CPU
		Release|Any CPU = Release|Any CPU
	EndGlobalSection
	GlobalSection(ProjectConfigurationPlatforms) = postSolution
		{CBEB9C2C-EE22-4134-AC83-D7648DC0E14F}.Debug|Any CPU.ActiveCfg = Debug|Any CPU
		{CBEB9C2C-EE22-4134-AC83-D7648DC0E14F}.Debug|Any CPU.Build.0 = Debug|Any CPU
		{CBEB9C2C-EE22-4134-AC83-D7648DC0E14F}.Release|Any CPU.ActiveCfg = Release|Any CPU
		{CBEB9C2C-EE22-4134-AC83-D7648DC0E14F}.Release|Any CPU.Build.0 = Release|Any CPU
	EndGlobalSection
	GlobalSection(SolutionProperties) = preSolution
		HideSolutionNode = FALSE
	EndGlobalSection
	GlobalSection(ExtensibilityGlobals) = postSolution
		SolutionGuid = {785528D1-7B25-497F-9C87-C9B145EDB90F}
	EndGlobalSection
EndGlobal
